// !$*UTF8*$!
{
	archiveVersion = 1;
	classes = {
	};
	objectVersion = 46;
	objects = {

/* Begin PBXBuildFile section */
		BC8961121C56E771005F6B66 /* AppDelegate.swift in Sources */ = {isa = PBXBuildFile; fileRef = BC8961111C56E771005F6B66 /* AppDelegate.swift */; };
		BC8961141C56E771005F6B66 /* ViewController.swift in Sources */ = {isa = PBXBuildFile; fileRef = BC8961131C56E771005F6B66 /* ViewController.swift */; };
		BC8961171C56E771005F6B66 /* Main.storyboard in Resources */ = {isa = PBXBuildFile; fileRef = BC8961151C56E771005F6B66 /* Main.storyboard */; };
		BC8961191C56E771005F6B66 /* Assets.xcassets in Resources */ = {isa = PBXBuildFile; fileRef = BC8961181C56E771005F6B66 /* Assets.xcassets */; };
		BC89611C1C56E771005F6B66 /* LaunchScreen.storyboard in Resources */ = {isa = PBXBuildFile; fileRef = BC89611A1C56E771005F6B66 /* LaunchScreen.storyboard */; };
/* End PBXBuildFile section */

/* Begin PBXFileReference section */
		BC89610E1C56E770005F6B66 /* MyGoogleSinginButtonExample.app */ = {isa = PBXFileReference; explicitFileType = wrapper.application; includeInIndex = 0; path = MyGoogleSinginButtonExample.app; sourceTree = BUILT_PRODUCTS_DIR; };
		BC8961111C56E771005F6B66 /* AppDelegate.swift */ = {isa = PBXFileReference; lastKnownFileType = sourcecode.swift; path = AppDelegate.swift; sourceTree = "<group>"; };
		BC8961131C56E771005F6B66 /* ViewController.swift */ = {isa = PBXFileReference; lastKnownFileType = sourcecode.swift; path = ViewController.swift; sourceTree = "<group>"; };
		BC8961161C56E771005F6B66 /* Base */ = {isa = PBXFileReference; lastKnownFileType = file.storyboard; name = Base; path = Base.lproj/Main.storyboard; sourceTree = "<group>"; };
		BC8961181C56E771005F6B66 /* Assets.xcassets */ = {isa = PBXFileReference; lastKnownFileType = folder.assetcatalog; path = Assets.xcassets; sourceTree = "<group>"; };
		BC89611B1C56E771005F6B66 /* Base */ = {isa = PBXFileReference; lastKnownFileType = file.storyboard; name = Base; path = Base.lproj/LaunchScreen.storyboard; sourceTree = "<group>"; };
		BC89611D1C56E771005F6B66 /* Info.plist */ = {isa = PBXFileReference; lastKnownFileType = text.plist.xml; path = Info.plist; sourceTree = "<group>"; };
/* End PBXFileReference section */

/* Begin PBXFrameworksBuildPhase section */
		BC89610B1C56E770005F6B66 /* Frameworks */ = {
			isa = PBXFrameworksBuildPhase;
			buildActionMask = 2147483647;
			files = (
			);
			runOnlyForDeploymentPostprocessing = 0;
		};
/* End PBXFrameworksBuildPhase section */

/* Begin PBXGroup section */
		BC8961051C56E770005F6B66 = {
			isa = PBXGroup;
			children = (
				BC8961101C56E771005F6B66 /* MyGoogleSinginButtonExample */,
				BC89610F1C56E770005F6B66 /* Products */,
			);
			sourceTree = "<group>";
		};
		BC89610F1C56E770005F6B66 /* Products */ = {
			isa = PBXGroup;
			children = (
				BC89610E1C56E770005F6B66 /* MyGoogleSinginButtonExample.app */,
			);
			name = Products;
			sourceTree = "<group>";
		};
		BC8961101C56E771005F6B66 /* MyGoogleSinginButtonExample */ = {
			isa = PBXGroup;
			children = (
				BC8961111C56E771005F6B66 /* AppDelegate.swift */,
				BC8961131C56E771005F6B66 /* ViewController.swift */,
				BC8961151C56E771005F6B66 /* Main.storyboard */,
				BC8961181C56E771005F6B66 /* Assets.xcassets */,
				BC89611A1C56E771005F6B66 /* LaunchScreen.storyboard */,
				BC89611D1C56E771005F6B66 /* Info.plist */,
			);
			path = MyGoogleSinginButtonExample;
			sourceTree = "<group>";
		};
/* End PBXGroup section */

/* Begin PBXNativeTarget section */
		BC89610D1C56E770005F6B66 /* MyGoogleSinginButtonExample */ = {
			isa = PBXNativeTarget;
			buildConfigurationList = BC8961201C56E771005F6B66 /* Build configuration list for PBXNativeTarget "MyGoogleSinginButtonExample" */;
			buildPhases = (
				BC89610A1C56E770005F6B66 /* Sources */,
				BC89610B1C56E770005F6B66 /* Frameworks */,
				BC89610C1C56E770005F6B66 /* Resources */,
			);
			buildRules = (
			);
			dependencies = (
			);
			name = MyGoogleSinginButtonExample;
			productName = MyGoogleSinginButtonExample;
			productReference = BC89610E1C56E770005F6B66 /* MyGoogleSinginButtonExample.app */;
			productType = "com.apple.product-type.application";
		};
/* End PBXNativeTarget section */

/* Begin PBXProject section */
		BC8961061C56E770005F6B66 /* Project object */ = {
			isa = PBXProject;
			attributes = {
				LastSwiftUpdateCheck = 0720;
				LastUpgradeCheck = 0720;
				ORGANIZATIONNAME = lupti;
				TargetAttributes = {
					BC89610D1C56E770005F6B66 = {
						CreatedOnToolsVersion = 7.2;
					};
				};
			};
			buildConfigurationList = BC8961091C56E770005F6B66 /* Build configuration list for PBXProject "MyGoogleSinginButtonExample" */;
			compatibilityVersion = "Xcode 3.2";
			developmentRegion = English;
			hasScannedForEncodings = 0;
			knownRegions = (
				en,
				Base,
			);
			mainGroup = BC8961051C56E770005F6B66;
			productRefGroup = BC89610F1C56E770005F6B66 /* Products */;
			projectDirPath = "";
			projectRoot = "";
			targets = (
				BC89610D1C56E770005F6B66 /* MyGoogleSinginButtonExample */,
			);
		};
/* End PBXProject section */

/* Begin PBXResourcesBuildPhase section */
		BC89610C1C56E770005F6B66 /* Resources */ = {
			isa = PBXResourcesBuildPhase;
			buildActionMask = 2147483647;
			files = (
				BC89611C1C56E771005F6B66 /* LaunchScreen.storyboard in Resources */,
				BC8961191C56E771005F6B66 /* Assets.xcassets in Resources */,
				BC8961171C56E771005F6B66 /* Main.storyboard in Resources */,
			);
			runOnlyForDeploymentPostprocessing = 0;
		};
/* End PBXResourcesBuildPhase section */

/* Begin PBXSourcesBuildPhase section */
		BC89610A1C56E770005F6B66 /* Sources */ = {
			isa = PBXSourcesBuildPhase;
			buildActionMask = 2147483647;
			files = (
				BC8961141C56E771005F6B66 /* ViewController.swift in Sources */,
				BC8961121C56E771005F6B66 /* AppDelegate.swift in Sources */,
			);
			runOnlyForDeploymentPostprocessing = 0;
		};
/* End PBXSourcesBuildPhase section */

/* Begin PBXVariantGroup section */
		BC8961151C56E771005F6B66 /* Main.storyboard */ = {
			isa = PBXVariantGroup;
			children = (
				BC8961161C56E771005F6B66 /* Base */,
			);
			name = Main.storyboard;
			sourceTree = "<group>";
		};
		BC89611A1C56E771005F6B66 /* LaunchScreen.storyboard */ = {
			isa = PBXVariantGroup;
			children = (
				BC89611B1C56E771005F6B66 /* Base */,
			);
			name = LaunchScreen.storyboard;
			sourceTree = "<group>";
		};
/* End PBXVariantGroup section */

/* Begin XCBuildConfiguration section */
		BC89611E1C56E771005F6B66 /* Debug */ = {
			isa = XCBuildConfiguration;
			buildSettings = {
				ALWAYS_SEARCH_USER_PATHS = NO;
				CLANG_CXX_LANGUAGE_STANDARD = "gnu++0x";
				CLANG_CXX_LIBRARY = "libc++";
				CLANG_ENABLE_MODULES = YES;
				CLANG_ENABLE_OBJC_ARC = YES;
				CLANG_WARN_BOOL_CONVERSION = YES;
				CLANG_WARN_CONSTANT_CONVERSION = YES;
				CLANG_WARN_DIRECT_OBJC_ISA_USAGE = YES_ERROR;
				CLANG_WARN_EMPTY_BODY = YES;
				CLANG_WARN_ENUM_CONVERSION = YES;
				CLANG_WARN_INT_CONVERSION = YES;
				CLANG_WARN_OBJC_ROOT_CLASS = YES_ERROR;
				CLANG_WARN_UNREACHABLE_CODE = YES;
				CLANG_WARN__DUPLICATE_METHOD_MATCH = YES;
				"CODE_SIGN_IDENTITY[sdk=iphoneos*]" = "iPhone Developer";
				COPY_PHASE_STRIP = NO;
				DEBUG_INFORMATION_FORMAT = dwarf;
				ENABLE_STRICT_OBJC_MSGSEND = YES;
				ENABLE_TESTABILITY = YES;
				GCC_C_LANGUAGE_STANDARD = gnu99;
				GCC_DYNAMIC_NO_PIC = NO;
				GCC_NO_COMMON_BLOCKS = YES;
				GCC_OPTIMIZATION_LEVEL = 0;
				GCC_PREPROCESSOR_DEFINITIONS = (
					"DEBUG=1",
					"$(inherited)",
				);
				GCC_WARN_64_TO_32_BIT_CONVERSION = YES;
				GCC_WARN_ABOUT_RETURN_TYPE = YES_ERROR;
				GCC_WARN_UNDECLARED_SELECTOR = YES;
				GCC_WARN_UNINITIALIZED_AUTOS = YES_AGGRESSIVE;
				GCC_WARN_UNUSED_FUNCTION = YES;
				GCC_WARN_UNUSED_VARIABLE = YES;
				IPHONEOS_DEPLOYMENT_TARGET = 9.2;
				MTL_ENABLE_DEBUG_INFO = YES;
				ONLY_ACTIVE_ARCH = YES;
				SDKROOT = iphoneos;
				SWIFT_OPTIMIZATION_LEVEL = "-Onone";
			};
			name = Debug;
		};
		BC89611F1C56E771005F6B66 /* Release */ = {
			isa = XCBuildConfiguration;
			buildSettings = {
				ALWAYS_SEARCH_USER_PATHS = NO;
				CLANG_CXX_LANGUAGE_STANDARD = "gnu++0x";
				CLANG_CXX_LIBRARY = "libc++";
				CLANG_ENABLE_MODULES = YES;
				CLANG_ENABLE_OBJC_ARC = YES;
				CLANG_WARN_BOOL_CONVERSION = YES;
				CLANG_WARN_CONSTANT_CONVERSION = YES;
				CLANG_WARN_DIRECT_OBJC_ISA_USAGE = YES_ERROR;
				CLANG_WARN_EMPTY_BODY = YES;
				CLANG_WARN_ENUM_CONVERSION = YES;
				CLANG_WARN_INT_CONVERSION = YES;
				CLANG_WARN_OBJC_ROOT_CLASS = YES_ERROR;
				CLANG_WARN_UNREACHABLE_CODE = YES;
				CLANG_WARN__DUPLICATE_METHOD_MATCH = YES;
				"CODE_SIGN_IDENTITY[sdk=iphoneos*]" = "iPhone Developer";
				COPY_PHASE_STRIP = NO;
				DEBUG_INFORMATION_FORMAT = "dwarf-with-dsym";
				ENABLE_NS_ASSERTIONS = NO;
				ENABLE_STRICT_OBJC_MSGSEND = YES;
				GCC_C_LANGUAGE_STANDARD = gnu99;
				GCC_NO_COMMON_BLOCKS = YES;
				GCC_WARN_64_TO_32_BIT_CONVERSION = YES;
				GCC_WARN_ABOUT_RETURN_TYPE = YES_ERROR;
				GCC_WARN_UNDECLARED_SELECTOR = YES;
				GCC_WARN_UNINITIALIZED_AUTOS = YES_AGGRESSIVE;
				GCC_WARN_UNUSED_FUNCTION = YES;
				GCC_WARN_UNUSED_VARIABLE = YES;
				IPHONEOS_DEPLOYMENT_TARGET = 9.2;
				MTL_ENABLE_DEBUG_INFO = NO;
				SDKROOT = iphoneos;
				VALIDATE_PRODUCT = YES;
			};
			name = Release;
		};
		BC8961211C56E771005F6B66 /* Debug */ = {
			isa = XCBuildConfiguration;
			buildSettings = {
				ASSETCATALOG_COMPILER_APPICON_NAME = AppIcon;
				INFOPLIST_FILE = MyGoogleSinginButtonExample/Info.plist;
				LD_RUNPATH_SEARCH_PATHS = "$(inherited) @executable_path/Frameworks";
				PRODUCT_BUNDLE_IDENTIFIER = com.lupti.MyGoogleSinginButtonExample;
				PRODUCT_NAME = "$(TARGET_NAME)";
			};
			name = Debug;
		};
		BC8961221C56E771005F6B66 /* Release */ = {
			isa = XCBuildConfiguration;
			buildSettings = {
				ASSETCATALOG_COMPILER_APPICON_NAME = AppIcon;
				INFOPLIST_FILE = MyGoogleSinginButtonExample/Info.plist;
				LD_RUNPATH_SEARCH_PATHS = "$(inherited) @executable_path/Frameworks";
				PRODUCT_BUNDLE_IDENTIFIER = com.lupti.MyGoogleSinginButtonExample;
				PRODUCT_NAME = "$(TARGET_NAME)";
			};
			name = Release;
		};
/* End XCBuildConfiguration section */

/* Begin XCConfigurationList section */
		BC8961091C56E770005F6B66 /* Build configuration list for PBXProject "MyGoogleSinginButtonExample" */ = {
			isa = XCConfigurationList;
			buildConfigurations = (
				BC89611E1C56E771005F6B66 /* Debug */,
				BC89611F1C56E771005F6B66 /* Release */,
			);
			defaultConfigurationIsVisible = 0;
			defaultConfigurationName = Release;
		};
		BC8961201C56E771005F6B66 /* Build configuration list for PBXNativeTarget "MyGoogleSinginButtonExample" */ = {
			isa = XCConfigurationList;
			buildConfigurations = (
				BC8961211C56E771005F6B66 /* Debug */,
				BC8961221C56E771005F6B66 /* Release */,
			);
			defaultConfigurationIsVisible = 0;
		};
/* End XCConfigurationList section */
	};
	rootObject = BC8961061C56E770005F6B66 /* Project object */;
}
